
Microsoft Visual Studio Solution File, Format Version 12.00
# Visual Studio Version 16
VisualStudioVersion = 16.0.31729.503
MinimumVisualStudioVersion = 10.0.40219.1
Project("{FAE04EC0-301F-11D3-BF4B-00C04F79EFBC}") = "OopTextTransformations.Library", "OopTextTransformations.Library\OopTextTransformations.Library.csproj", "{1333D3EE-98A5-48AC-B73D-E6DB8731BEDB}"
EndProject
Project("{FAE04EC0-301F-11D3-BF4B-00C04F79EFBC}") = "ApplicationTerminal", "ApplicationTerminal\ApplicationTerminal.csproj", "{237FEC92-EB3F-40CB-B8FF-60D4FDAEC2DB}"
EndProject
Global
	GlobalSection(SolutionConfigurationPlatforms) = preSolution
		Debug|Any CPU = Debug|Any CPU
		Release|Any CPU = Release|Any CPU
	EndGlobalSection
	GlobalSection(ProjectConfigurationPlatforms) = postSolution
		{1333D3EE-98A5-48AC-B73D-E6DB8731BEDB}.Debug|Any CPU.ActiveCfg = Debug|Any CPU
		{1333D3EE-98A5-48AC-B73D-E6DB8731BEDB}.Debug|Any CPU.Build.0 = Debug|Any CPU
		{1333D3EE-98A5-48AC-B73D-E6DB8731BEDB}.Release|Any CPU.ActiveCfg = Release|Any CPU
		{1333D3EE-98A5-48AC-B73D-E6DB8731BEDB}.Release|Any CPU.Build.0 = Release|Any CPU
		{237FEC92-EB3F-40CB-B8FF-60D4FDAEC2DB}.Debug|Any CPU.ActiveCfg = Debug|Any CPU
		{237FEC92-EB3F-40CB-B8FF-60D4FDAEC2DB}.Debug|Any CPU.Build.0 = Debug|Any CPU
		{237FEC92-EB3F-40CB-B8FF-60D4FDAEC2DB}.Release|Any CPU.ActiveCfg = Release|Any CPU
		{237FEC92-EB3F-40CB-B8FF-60D4FDAEC2DB}.Release|Any CPU.Build.0 = Release|Any CPU
	EndGlobalSection
	GlobalSection(SolutionProperties) = preSolution
		HideSolutionNode = FALSE
	EndGlobalSection
	GlobalSection(ExtensibilityGlobals) = postSolution
		SolutionGuid = {395BB029-5652-49C3-A0B4-3CF0197AFC81}
	EndGlobalSection
EndGlobal
